// !$*UTF8*$!
{
	archiveVersion = 1;
	classes = {
	};
	objectVersion = 46;
	objects = {

/* Begin PBXBuildFile section */
		1D41D3E16BA447A7A06201EE /* libPods-DPEmptyDataRefresh.a in Frameworks */ = {isa = PBXBuildFile; fileRef = C31F39016236A8EE4AB0A8B0 /* libPods-DPEmptyDataRefresh.a */; };
		36A34D6E1F9ED65700ACF046 /* main.m in Sources */ = {isa = PBXBuildFile; fileRef = 36A34D6D1F9ED65700ACF046 /* main.m */; };
		36A34D711F9ED65700ACF046 /* AppDelegate.m in Sources */ = {isa = PBXBuildFile; fileRef = 36A34D701F9ED65700ACF046 /* AppDelegate.m */; };
		36A34D741F9ED65700ACF046 /* ViewController.m in Sources */ = {isa = PBXBuildFile; fileRef = 36A34D731F9ED65700ACF046 /* ViewController.m */; };
		36A34D771F9ED65700ACF046 /* Main.storyboard in Resources */ = {isa = PBXBuildFile; fileRef = 36A34D751F9ED65700ACF046 /* Main.storyboard */; };
		36A34D791F9ED65700ACF046 /* Assets.xcassets in Resources */ = {isa = PBXBuildFile; fileRef = 36A34D781F9ED65700ACF046 /* Assets.xcassets */; };
		36A34D7C1F9ED65700ACF046 /* LaunchScreen.storyboard in Resources */ = {isa = PBXBuildFile; fileRef = 36A34D7A1F9ED65700ACF046 /* LaunchScreen.storyboard */; };
		36A34D871F9ED65700ACF046 /* DPEmptyDataRefreshTests.m in Sources */ = {isa = PBXBuildFile; fileRef = 36A34D861F9ED65700ACF046 /* DPEmptyDataRefreshTests.m */; };
		36A34D971F9EE14B00ACF046 /* UIScrollView+DPRefresh.m in Sources */ = {isa = PBXBuildFile; fileRef = 36A34D961F9EE14B00ACF046 /* UIScrollView+DPRefresh.m */; };
		36A34D9A1F9EE18400ACF046 /* UIScrollView+DPEmptyDataSet.m in Sources */ = {isa = PBXBuildFile; fileRef = 36A34D991F9EE18400ACF046 /* UIScrollView+DPEmptyDataSet.m */; };
/* End PBXBuildFile section */

/* Begin PBXContainerItemProxy section */
		36A34D831F9ED65700ACF046 /* PBXContainerItemProxy */ = {
			isa = PBXContainerItemProxy;
			containerPortal = 36A34D611F9ED65700ACF046 /* Project object */;
			proxyType = 1;
			remoteGlobalIDString = 36A34D681F9ED65700ACF046;
			remoteInfo = DPEmptyDataRefresh;
		};
/* End PBXContainerItemProxy section */

/* Begin PBXFileReference section */
		36A34D691F9ED65700ACF046 /* DPEmptyDataRefresh.app */ = {isa = PBXFileReference; explicitFileType = wrapper.application; includeInIndex = 0; path = DPEmptyDataRefresh.app; sourceTree = BUILT_PRODUCTS_DIR; };
		36A34D6D1F9ED65700ACF046 /* main.m */ = {isa = PBXFileReference; lastKnownFileType = sourcecode.c.objc; path = main.m; sourceTree = "<group>"; };
		36A34D6F1F9ED65700ACF046 /* AppDelegate.h */ = {isa = PBXFileReference; lastKnownFileType = sourcecode.c.h; path = AppDelegate.h; sourceTree = "<group>"; };
		36A34D701F9ED65700ACF046 /* AppDelegate.m */ = {isa = PBXFileReference; lastKnownFileType = sourcecode.c.objc; path = AppDelegate.m; sourceTree = "<group>"; };
		36A34D721F9ED65700ACF046 /* ViewController.h */ = {isa = PBXFileReference; lastKnownFileType = sourcecode.c.h; path = ViewController.h; sourceTree = "<group>"; };
		36A34D731F9ED65700ACF046 /* ViewController.m */ = {isa = PBXFileReference; lastKnownFileType = sourcecode.c.objc; path = ViewController.m; sourceTree = "<group>"; };
		36A34D761F9ED65700ACF046 /* Base */ = {isa = PBXFileReference; lastKnownFileType = file.storyboard; name = Base; path = Base.lproj/Main.storyboard; sourceTree = "<group>"; };
		36A34D781F9ED65700ACF046 /* Assets.xcassets */ = {isa = PBXFileReference; lastKnownFileType = folder.assetcatalog; path = Assets.xcassets; sourceTree = "<group>"; };
		36A34D7B1F9ED65700ACF046 /* Base */ = {isa = PBXFileReference; lastKnownFileType = file.storyboard; name = Base; path = Base.lproj/LaunchScreen.storyboard; sourceTree = "<group>"; };
		36A34D7D1F9ED65700ACF046 /* Info.plist */ = {isa = PBXFileReference; lastKnownFileType = text.plist.xml; path = Info.plist; sourceTree = "<group>"; };
		36A34D821F9ED65700ACF046 /* DPEmptyDataRefreshTests.xctest */ = {isa = PBXFileReference; explicitFileType = wrapper.cfbundle; includeInIndex = 0; path = DPEmptyDataRefreshTests.xctest; sourceTree = BUILT_PRODUCTS_DIR; };
		36A34D861F9ED65700ACF046 /* DPEmptyDataRefreshTests.m */ = {isa = PBXFileReference; lastKnownFileType = sourcecode.c.objc; path = DPEmptyDataRefreshTests.m; sourceTree = "<group>"; };
		36A34D881F9ED65700ACF046 /* Info.plist */ = {isa = PBXFileReference; lastKnownFileType = text.plist.xml; path = Info.plist; sourceTree = "<group>"; };
		36A34D951F9EE14B00ACF046 /* UIScrollView+DPRefresh.h */ = {isa = PBXFileReference; fileEncoding = 4; lastKnownFileType = sourcecode.c.h; path = "UIScrollView+DPRefresh.h"; sourceTree = "<group>"; };
		36A34D961F9EE14B00ACF046 /* UIScrollView+DPRefresh.m */ = {isa = PBXFileReference; fileEncoding = 4; lastKnownFileType = sourcecode.c.objc; path = "UIScrollView+DPRefresh.m"; sourceTree = "<group>"; };
		36A34D981F9EE18400ACF046 /* UIScrollView+DPEmptyDataSet.h */ = {isa = PBXFileReference; fileEncoding = 4; lastKnownFileType = sourcecode.c.h; path = "UIScrollView+DPEmptyDataSet.h"; sourceTree = "<group>"; };
		36A34D991F9EE18400ACF046 /* UIScrollView+DPEmptyDataSet.m */ = {isa = PBXFileReference; fileEncoding = 4; lastKnownFileType = sourcecode.c.objc; path = "UIScrollView+DPEmptyDataSet.m"; sourceTree = "<group>"; };
		53266AA13EE6A3D05C34E801 /* Pods-DPEmptyDataRefresh.release.xcconfig */ = {isa = PBXFileReference; includeInIndex = 1; lastKnownFileType = text.xcconfig; name = "Pods-DPEmptyDataRefresh.release.xcconfig"; path = "Pods/Target Support Files/Pods-DPEmptyDataRefresh/Pods-DPEmptyDataRefresh.release.xcconfig"; sourceTree = "<group>"; };
		74822751789C8F7D54D4948D /* Pods-DPEmptyDataRefresh.debug.xcconfig */ = {isa = PBXFileReference; includeInIndex = 1; lastKnownFileType = text.xcconfig; name = "Pods-DPEmptyDataRefresh.debug.xcconfig"; path = "Pods/Target Support Files/Pods-DPEmptyDataRefresh/Pods-DPEmptyDataRefresh.debug.xcconfig"; sourceTree = "<group>"; };
		C31F39016236A8EE4AB0A8B0 /* libPods-DPEmptyDataRefresh.a */ = {isa = PBXFileReference; explicitFileType = archive.ar; includeInIndex = 0; path = "libPods-DPEmptyDataRefresh.a"; sourceTree = BUILT_PRODUCTS_DIR; };
/* End PBXFileReference section */

/* Begin PBXFrameworksBuildPhase section */
		36A34D661F9ED65700ACF046 /* Frameworks */ = {
			isa = PBXFrameworksBuildPhase;
			buildActionMask = 2147483647;
			files = (
				1D41D3E16BA447A7A06201EE /* libPods-DPEmptyDataRefresh.a in Frameworks */,
			);
			runOnlyForDeploymentPostprocessing = 0;
		};
		36A34D7F1F9ED65700ACF046 /* Frameworks */ = {
			isa = PBXFrameworksBuildPhase;
			buildActionMask = 2147483647;
			files = (
			);
			runOnlyForDeploymentPostprocessing = 0;
		};
/* End PBXFrameworksBuildPhase section */

/* Begin PBXGroup section */
		1AF590B7E8D9D6A787626F08 /* Frameworks */ = {
			isa = PBXGroup;
			children = (
				C31F39016236A8EE4AB0A8B0 /* libPods-DPEmptyDataRefresh.a */,
			);
			name = Frameworks;
			sourceTree = "<group>";
		};
		2F7134F5992078E2394902BE /* Pods */ = {
			isa = PBXGroup;
			children = (
				74822751789C8F7D54D4948D /* Pods-DPEmptyDataRefresh.debug.xcconfig */,
				53266AA13EE6A3D05C34E801 /* Pods-DPEmptyDataRefresh.release.xcconfig */,
			);
			name = Pods;
			sourceTree = "<group>";
		};
		36A34D601F9ED65700ACF046 = {
			isa = PBXGroup;
			children = (
				36A34D6B1F9ED65700ACF046 /* DPEmptyDataRefresh */,
				36A34D851F9ED65700ACF046 /* DPEmptyDataRefreshTests */,
				36A34D6A1F9ED65700ACF046 /* Products */,
				2F7134F5992078E2394902BE /* Pods */,
				1AF590B7E8D9D6A787626F08 /* Frameworks */,
			);
			sourceTree = "<group>";
		};
		36A34D6A1F9ED65700ACF046 /* Products */ = {
			isa = PBXGroup;
			children = (
				36A34D691F9ED65700ACF046 /* DPEmptyDataRefresh.app */,
				36A34D821F9ED65700ACF046 /* DPEmptyDataRefreshTests.xctest */,
			);
			name = Products;
			sourceTree = "<group>";
		};
		36A34D6B1F9ED65700ACF046 /* DPEmptyDataRefresh */ = {
			isa = PBXGroup;
			children = (
				36A34D911F9EE0E000ACF046 /* DPEmptyDataRefresh */,
				36A34D6F1F9ED65700ACF046 /* AppDelegate.h */,
				36A34D701F9ED65700ACF046 /* AppDelegate.m */,
				36A34D721F9ED65700ACF046 /* ViewController.h */,
				36A34D731F9ED65700ACF046 /* ViewController.m */,
				36A34D751F9ED65700ACF046 /* Main.storyboard */,
				36A34D781F9ED65700ACF046 /* Assets.xcassets */,
				36A34D7A1F9ED65700ACF046 /* LaunchScreen.storyboard */,
				36A34D7D1F9ED65700ACF046 /* Info.plist */,
				36A34D6C1F9ED65700ACF046 /* Supporting Files */,
			);
			path = DPEmptyDataRefresh;
			sourceTree = "<group>";
		};
		36A34D6C1F9ED65700ACF046 /* Supporting Files */ = {
			isa = PBXGroup;
			children = (
				36A34D6D1F9ED65700ACF046 /* main.m */,
			);
			name = "Supporting Files";
			sourceTree = "<group>";
		};
		36A34D851F9ED65700ACF046 /* DPEmptyDataRefreshTests */ = {
			isa = PBXGroup;
			children = (
				36A34D861F9ED65700ACF046 /* DPEmptyDataRefreshTests.m */,
				36A34D881F9ED65700ACF046 /* Info.plist */,
			);
			path = DPEmptyDataRefreshTests;
			sourceTree = "<group>";
		};
		36A34D911F9EE0E000ACF046 /* DPEmptyDataRefresh */ = {
			isa = PBXGroup;
			children = (
				36A34D951F9EE14B00ACF046 /* UIScrollView+DPRefresh.h */,
				36A34D961F9EE14B00ACF046 /* UIScrollView+DPRefresh.m */,
				36A34D981F9EE18400ACF046 /* UIScrollView+DPEmptyDataSet.h */,
				36A34D991F9EE18400ACF046 /* UIScrollView+DPEmptyDataSet.m */,
			);
			path = DPEmptyDataRefresh;
			sourceTree = "<group>";
		};
/* End PBXGroup section */

/* Begin PBXNativeTarget section */
		36A34D681F9ED65700ACF046 /* DPEmptyDataRefresh */ = {
			isa = PBXNativeTarget;
			buildConfigurationList = 36A34D8B1F9ED65800ACF046 /* Build configuration list for PBXNativeTarget "DPEmptyDataRefresh" */;
			buildPhases = (
				6833EBD2DBF878F87B8AED58 /* [CP] Check Pods Manifest.lock */,
				36A34D651F9ED65700ACF046 /* Sources */,
				36A34D661F9ED65700ACF046 /* Frameworks */,
				36A34D671F9ED65700ACF046 /* Resources */,
				D0194C5115286066483BB28D /* [CP] Embed Pods Frameworks */,
				083423F19557E7BA3DE66A18 /* [CP] Copy Pods Resources */,
			);
			buildRules = (
			);
			dependencies = (
			);
			name = DPEmptyDataRefresh;
			productName = DPEmptyDataRefresh;
			productReference = 36A34D691F9ED65700ACF046 /* DPEmptyDataRefresh.app */;
			productType = "com.apple.product-type.application";
		};
		36A34D811F9ED65700ACF046 /* DPEmptyDataRefreshTests */ = {
			isa = PBXNativeTarget;
			buildConfigurationList = 36A34D8E1F9ED65800ACF046 /* Build configuration list for PBXNativeTarget "DPEmptyDataRefreshTests" */;
			buildPhases = (
				36A34D7E1F9ED65700ACF046 /* Sources */,
				36A34D7F1F9ED65700ACF046 /* Frameworks */,
				36A34D801F9ED65700ACF046 /* Resources */,
			);
			buildRules = (
			);
			dependencies = (
				36A34D841F9ED65700ACF046 /* PBXTargetDependency */,
			);
			name = DPEmptyDataRefreshTests;
			productName = DPEmptyDataRefreshTests;
			productReference = 36A34D821F9ED65700ACF046 /* DPEmptyDataRefreshTests.xctest */;
			productType = "com.apple.product-type.bundle.unit-test";
		};
/* End PBXNativeTarget section */

/* Begin PBXProject section */
		36A34D611F9ED65700ACF046 /* Project object */ = {
			isa = PBXProject;
			attributes = {
				LastUpgradeCheck = 0830;
				TargetAttributes = {
					36A34D681F9ED65700ACF046 = {
						CreatedOnToolsVersion = 8.3.2;
						ProvisioningStyle = Automatic;
					};
					36A34D811F9ED65700ACF046 = {
						CreatedOnToolsVersion = 8.3.2;
						ProvisioningStyle = Automatic;
						TestTargetID = 36A34D681F9ED65700ACF046;
					};
				};
			};
			buildConfigurationList = 36A34D641F9ED65700ACF046 /* Build configuration list for PBXProject "DPEmptyDataRefresh" */;
			compatibilityVersion = "Xcode 3.2";
			developmentRegion = English;
			hasScannedForEncodings = 0;
			knownRegions = (
				en,
				Base,
			);
			mainGroup = 36A34D601F9ED65700ACF046;
			productRefGroup = 36A34D6A1F9ED65700ACF046 /* Products */;
			projectDirPath = "";
			projectRoot = "";
			targets = (
				36A34D681F9ED65700ACF046 /* DPEmptyDataRefresh */,
				36A34D811F9ED65700ACF046 /* DPEmptyDataRefreshTests */,
			);
		};
/* End PBXProject section */

/* Begin PBXResourcesBuildPhase section */
		36A34D671F9ED65700ACF046 /* Resources */ = {
			isa = PBXResourcesBuildPhase;
			buildActionMask = 2147483647;
			files = (
				36A34D7C1F9ED65700ACF046 /* LaunchScreen.storyboard in Resources */,
				36A34D791F9ED65700ACF046 /* Assets.xcassets in Resources */,
				36A34D771F9ED65700ACF046 /* Main.storyboard in Resources */,
			);
			runOnlyForDeploymentPostprocessing = 0;
		};
		36A34D801F9ED65700ACF046 /* Resources */ = {
			isa = PBXResourcesBuildPhase;
			buildActionMask = 2147483647;
			files = (
			);
			runOnlyForDeploymentPostprocessing = 0;
		};
/* End PBXResourcesBuildPhase section */

/* Begin PBXShellScriptBuildPhase section */
		083423F19557E7BA3DE66A18 /* [CP] Copy Pods Resources */ = {
			isa = PBXShellScriptBuildPhase;
			buildActionMask = 2147483647;
			files = (
			);
			inputPaths = (
			);
			name = "[CP] Copy Pods Resources";
			outputPaths = (
			);
			runOnlyForDeploymentPostprocessing = 0;
			shellPath = /bin/sh;
			shellScript = "\"${SRCROOT}/Pods/Target Support Files/Pods-DPEmptyDataRefresh/Pods-DPEmptyDataRefresh-resources.sh\"\n";
			showEnvVarsInLog = 0;
		};
		6833EBD2DBF878F87B8AED58 /* [CP] Check Pods Manifest.lock */ = {
			isa = PBXShellScriptBuildPhase;
			buildActionMask = 2147483647;
			files = (
			);
			inputPaths = (
			);
			name = "[CP] Check Pods Manifest.lock";
			outputPaths = (
			);
			runOnlyForDeploymentPostprocessing = 0;
			shellPath = /bin/sh;
			shellScript = "diff \"${PODS_PODFILE_DIR_PATH}/Podfile.lock\" \"${PODS_ROOT}/Manifest.lock\" > /dev/null\nif [ $? != 0 ] ; then\n    # print error to STDERR\n    echo \"error: The sandbox is not in sync with the Podfile.lock. Run 'pod install' or update your CocoaPods installation.\" >&2\n    exit 1\nfi\n";
			showEnvVarsInLog = 0;
		};
		D0194C5115286066483BB28D /* [CP] Embed Pods Frameworks */ = {
			isa = PBXShellScriptBuildPhase;
			buildActionMask = 2147483647;
			files = (
			);
			inputPaths = (
			);
			name = "[CP] Embed Pods Frameworks";
			outputPaths = (
			);
			runOnlyForDeploymentPostprocessing = 0;
			shellPath = /bin/sh;
			shellScript = "\"${SRCROOT}/Pods/Target Support Files/Pods-DPEmptyDataRefresh/Pods-DPEmptyDataRefresh-frameworks.sh\"\n";
			showEnvVarsInLog = 0;
		};
/* End PBXShellScriptBuildPhase section */

/* Begin PBXSourcesBuildPhase section */
		36A34D651F9ED65700ACF046 /* Sources */ = {
			isa = PBXSourcesBuildPhase;
			buildActionMask = 2147483647;
			files = (
				36A34D741F9ED65700ACF046 /* ViewController.m in Sources */,
				36A34D9A1F9EE18400ACF046 /* UIScrollView+DPEmptyDataSet.m in Sources */,
				36A34D971F9EE14B00ACF046 /* UIScrollView+DPRefresh.m in Sources */,
				36A34D711F9ED65700ACF046 /* AppDelegate.m in Sources */,
				36A34D6E1F9ED65700ACF046 /* main.m in Sources */,
			);
			runOnlyForDeploymentPostprocessing = 0;
		};
		36A34D7E1F9ED65700ACF046 /* Sources */ = {
			isa = PBXSourcesBuildPhase;
			buildActionMask = 2147483647;
			files = (
				36A34D871F9ED65700ACF046 /* DPEmptyDataRefreshTests.m in Sources */,
			);
			runOnlyForDeploymentPostprocessing = 0;
		};
/* End PBXSourcesBuildPhase section */

/* Begin PBXTargetDependency section */
		36A34D841F9ED65700ACF046 /* PBXTargetDependency */ = {
			isa = PBXTargetDependency;
			target = 36A34D681F9ED65700ACF046 /* DPEmptyDataRefresh */;
			targetProxy = 36A34D831F9ED65700ACF046 /* PBXContainerItemProxy */;
		};
/* End PBXTargetDependency section */

/* Begin PBXVariantGroup section */
		36A34D751F9ED65700ACF046 /* Main.storyboard */ = {
			isa = PBXVariantGroup;
			children = (
				36A34D761F9ED65700ACF046 /* Base */,
			);
			name = Main.storyboard;
			sourceTree = "<group>";
		};
		36A34D7A1F9ED65700ACF046 /* LaunchScreen.storyboard */ = {
			isa = PBXVariantGroup;
			children = (
				36A34D7B1F9ED65700ACF046 /* Base */,
			);
			name = LaunchScreen.storyboard;
			sourceTree = "<group>";
		};
/* End PBXVariantGroup section */

/* Begin XCBuildConfiguration section */
		36A34D891F9ED65800ACF046 /* Debug */ = {
			isa = XCBuildConfiguration;
			buildSettings = {
				ALWAYS_SEARCH_USER_PATHS = NO;
				CLANG_ANALYZER_NONNULL = YES;
				CLANG_ANALYZER_NUMBER_OBJECT_CONVERSION = YES_AGGRESSIVE;
				CLANG_CXX_LANGUAGE_STANDARD = "gnu++0x";
				CLANG_CXX_LIBRARY = "libc++";
				CLANG_ENABLE_MODULES = YES;
				CLANG_ENABLE_OBJC_ARC = YES;
				CLANG_WARN_BOOL_CONVERSION = YES;
				CLANG_WARN_CONSTANT_CONVERSION = YES;
				CLANG_WARN_DIRECT_OBJC_ISA_USAGE = YES_ERROR;
				CLANG_WARN_DOCUMENTATION_COMMENTS = YES;
				CLANG_WARN_EMPTY_BODY = YES;
				CLANG_WARN_ENUM_CONVERSION = YES;
				CLANG_WARN_INFINITE_RECURSION = YES;
				CLANG_WARN_INT_CONVERSION = YES;
				CLANG_WARN_OBJC_ROOT_CLASS = YES_ERROR;
				CLANG_WARN_SUSPICIOUS_MOVE = YES;
				CLANG_WARN_UNREACHABLE_CODE = YES;
				CLANG_WARN__DUPLICATE_METHOD_MATCH = YES;
				"CODE_SIGN_IDENTITY[sdk=iphoneos*]" = "iPhone Developer";
				COPY_PHASE_STRIP = NO;
				DEBUG_INFORMATION_FORMAT = dwarf;
				ENABLE_STRICT_OBJC_MSGSEND = YES;
				ENABLE_TESTABILITY = YES;
				GCC_C_LANGUAGE_STANDARD = gnu99;
				GCC_DYNAMIC_NO_PIC = NO;
				GCC_NO_COMMON_BLOCKS = YES;
				GCC_OPTIMIZATION_LEVEL = 0;
				GCC_PREPROCESSOR_DEFINITIONS = (
					"DEBUG=1",
					"$(inherited)",
				);
				GCC_WARN_64_TO_32_BIT_CONVERSION = YES;
				GCC_WARN_ABOUT_RETURN_TYPE = YES_ERROR;
				GCC_WARN_UNDECLARED_SELECTOR = YES;
				GCC_WARN_UNINITIALIZED_AUTOS = YES_AGGRESSIVE;
				GCC_WARN_UNUSED_FUNCTION = YES;
				GCC_WARN_UNUSED_VARIABLE = YES;
				IPHONEOS_DEPLOYMENT_TARGET = 10.3;
				MTL_ENABLE_DEBUG_INFO = YES;
				ONLY_ACTIVE_ARCH = YES;
				SDKROOT = iphoneos;
			};
			name = Debug;
		};
		36A34D8A1F9ED65800ACF046 /* Release */ = {
			isa = XCBuildConfiguration;
			buildSettings = {
				ALWAYS_SEARCH_USER_PATHS = NO;
				CLANG_ANALYZER_NONNULL = YES;
				CLANG_ANALYZER_NUMBER_OBJECT_CONVERSION = YES_AGGRESSIVE;
				CLANG_CXX_LANGUAGE_STANDARD = "gnu++0x";
				CLANG_CXX_LIBRARY = "libc++";
				CLANG_ENABLE_MODULES = YES;
				CLANG_ENABLE_OBJC_ARC = YES;
				CLANG_WARN_BOOL_CONVERSION = YES;
				CLANG_WARN_CONSTANT_CONVERSION = YES;
				CLANG_WARN_DIRECT_OBJC_ISA_USAGE = YES_ERROR;
				CLANG_WARN_DOCUMENTATION_COMMENTS = YES;
				CLANG_WARN_EMPTY_BODY = YES;
				CLANG_WARN_ENUM_CONVERSION = YES;
				CLANG_WARN_INFINITE_RECURSION = YES;
				CLANG_WARN_INT_CONVERSION = YES;
				CLANG_WARN_OBJC_ROOT_CLASS = YES_ERROR;
				CLANG_WARN_SUSPICIOUS_MOVE = YES;
				CLANG_WARN_UNREACHABLE_CODE = YES;
				CLANG_WARN__DUPLICATE_METHOD_MATCH = YES;
				"CODE_SIGN_IDENTITY[sdk=iphoneos*]" = "iPhone Developer";
				COPY_PHASE_STRIP = NO;
				DEBUG_INFORMATION_FORMAT = "dwarf-with-dsym";
				ENABLE_NS_ASSERTIONS = NO;
				ENABLE_STRICT_OBJC_MSGSEND = YES;
				GCC_C_LANGUAGE_STANDARD = gnu99;
				GCC_NO_COMMON_BLOCKS = YES;
				GCC_WARN_64_TO_32_BIT_CONVERSION = YES;
				GCC_WARN_ABOUT_RETURN_TYPE = YES_ERROR;
				GCC_WARN_UNDECLARED_SELECTOR = YES;
				GCC_WARN_UNINITIALIZED_AUTOS = YES_AGGRESSIVE;
				GCC_WARN_UNUSED_FUNCTION = YES;
				GCC_WARN_UNUSED_VARIABLE = YES;
				IPHONEOS_DEPLOYMENT_TARGET = 10.3;
				MTL_ENABLE_DEBUG_INFO = NO;
				SDKROOT = iphoneos;
				VALIDATE_PRODUCT = YES;
			};
			name = Release;
		};
		36A34D8C1F9ED65800ACF046 /* Debug */ = {
			isa = XCBuildConfiguration;
			baseConfigurationReference = 74822751789C8F7D54D4948D /* Pods-DPEmptyDataRefresh.debug.xcconfig */;
			buildSettings = {
				ASSETCATALOG_COMPILER_APPICON_NAME = AppIcon;
				INFOPLIST_FILE = DPEmptyDataRefresh/Info.plist;
				IPHONEOS_DEPLOYMENT_TARGET = 10.0;
				LD_RUNPATH_SEARCH_PATHS = "$(inherited) @executable_path/Frameworks";
				PRODUCT_BUNDLE_IDENTIFIER = DP.DPEmptyDataRefresh;
				PRODUCT_NAME = "$(TARGET_NAME)";
			};
			name = Debug;
		};
		36A34D8D1F9ED65800ACF046 /* Release */ = {
			isa = XCBuildConfiguration;
			baseConfigurationReference = 53266AA13EE6A3D05C34E801 /* Pods-DPEmptyDataRefresh.release.xcconfig */;
			buildSettings = {
				ASSETCATALOG_COMPILER_APPICON_NAME = AppIcon;
				INFOPLIST_FILE = DPEmptyDataRefresh/Info.plist;
				IPHONEOS_DEPLOYMENT_TARGET = 10.0;
				LD_RUNPATH_SEARCH_PATHS = "$(inherited) @executable_path/Frameworks";
				PRODUCT_BUNDLE_IDENTIFIER = DP.DPEmptyDataRefresh;
				PRODUCT_NAME = "$(TARGET_NAME)";
			};
			name = Release;
		};
		36A34D8F1F9ED65800ACF046 /* Debug */ = {
			isa = XCBuildConfiguration;
			buildSettings = {
				BUNDLE_LOADER = "$(TEST_HOST)";
				INFOPLIST_FILE = DPEmptyDataRefreshTests/Info.plist;
				LD_RUNPATH_SEARCH_PATHS = "$(inherited) @executable_path/Frameworks @loader_path/Frameworks";
				PRODUCT_BUNDLE_IDENTIFIER = DP.DPEmptyDataRefreshTests;
				PRODUCT_NAME = "$(TARGET_NAME)";
				TEST_HOST = "$(BUILT_PRODUCTS_DIR)/DPEmptyDataRefresh.app/DPEmptyDataRefresh";
			};
			name = Debug;
		};
		36A34D901F9ED65800ACF046 /* Release */ = {
			isa = XCBuildConfiguration;
			buildSettings = {
				BUNDLE_LOADER = "$(TEST_HOST)";
				INFOPLIST_FILE = DPEmptyDataRefreshTests/Info.plist;
				LD_RUNPATH_SEARCH_PATHS = "$(inherited) @executable_path/Frameworks @loader_path/Frameworks";
				PRODUCT_BUNDLE_IDENTIFIER = DP.DPEmptyDataRefreshTests;
				PRODUCT_NAME = "$(TARGET_NAME)";
				TEST_HOST = "$(BUILT_PRODUCTS_DIR)/DPEmptyDataRefresh.app/DPEmptyDataRefresh";
			};
			name = Release;
		};
/* End XCBuildConfiguration section */

/* Begin XCConfigurationList section */
		36A34D641F9ED65700ACF046 /* Build configuration list for PBXProject "DPEmptyDataRefresh" */ = {
			isa = XCConfigurationList;
			buildConfigurations = (
				36A34D891F9ED65800ACF046 /* Debug */,
				36A34D8A1F9ED65800ACF046 /* Release */,
			);
			defaultConfigurationIsVisible = 0;
			defaultConfigurationName = Release;
		};
		36A34D8B1F9ED65800ACF046 /* Build configuration list for PBXNativeTarget "DPEmptyDataRefresh" */ = {
			isa = XCConfigurationList;
			buildConfigurations = (
				36A34D8C1F9ED65800ACF046 /* Debug */,
				36A34D8D1F9ED65800ACF046 /* Release */,
			);
			defaultConfigurationIsVisible = 0;
			defaultConfigurationName = Release;
		};
		36A34D8E1F9ED65800ACF046 /* Build configuration list for PBXNativeTarget "DPEmptyDataRefreshTests" */ = {
			isa = XCConfigurationList;
			buildConfigurations = (
				36A34D8F1F9ED65800ACF046 /* Debug */,
				36A34D901F9ED65800ACF046 /* Release */,
			);
			defaultConfigurationIsVisible = 0;
			defaultConfigurationName = Release;
		};
/* End XCConfigurationList section */
	};
	rootObject = 36A34D611F9ED65700ACF046 /* Project object */;
}
